%{
  "earmark": {:hex, :earmark, "1.2.6", "b6da42b3831458d3ecc57314dff3051b080b9b2be88c2e5aa41cd642a5b044ed", [:mix], [], "hexpm"},
  "ex_doc": {:git, "https://github.com/spaceeec/ex_doc", "ba85b84d56c24a42db725858b07f7b2cdc4a37b7", [branch: "feat/umbrella"]},
  "makeup": {:hex, :makeup, "0.8.0", "9cf32aea71c7fe0a4b2e9246c2c4978f9070257e5c9ce6d4a28ec450a839b55f", [:mix], [{:nimble_parsec, "~> 0.5.0", [hex: :nimble_parsec, repo: "hexpm", optional: false]}], "hexpm"},
  "makeup_elixir": {:hex, :makeup_elixir, "0.13.0", "be7a477997dcac2e48a9d695ec730b2d22418292675c75aa2d34ba0909dcdeda", [:mix], [{:makeup, "~> 0.8", [hex: :makeup, repo: "hexpm", optional: false]}], "hexpm"},
  "nimble_parsec": {:hex, :nimble_parsec, "0.5.0", "90e2eca3d0266e5c53f8fbe0079694740b9c91b6747f2b7e3c5d21966bba8300", [:mix], [], "hexpm"},
}
